{
  "name": "react-native-circular-progress",
  "version": "0.0.8",
  "lockfileVersion": 1,
  "requires": true,
  "dependencies": {
    "art": {
      "version": "0.10.1",
      "resolved": "https://registry.npmjs.org/art/-/art-0.10.1.tgz",
      "integrity": "sha1-OFQYg+OZIlxeGT/yRujxV897IUY="
    }
  }
}
